
Microsoft Visual Studio Solution File, Format Version 12.00
# Visual Studio Version 16
VisualStudioVersion = 16.0.30225.117
MinimumVisualStudioVersion = 10.0.40219.1
Project("{FAE04EC0-301F-11D3-BF4B-00C04F79EFBC}") = "OOP1", "OOP1\OOP1.csproj", "{52C52949-9E9D-4724-AA26-9167FB8BD21F}"
EndProject
Global
	GlobalSection(SolutionConfigurationPlatforms) = preSolution
		Debug|Any CPU = Debug|Any CPU
		Release|Any CPU = Release|Any CPU
	EndGlobalSection
	GlobalSection(ProjectConfigurationPlatforms) = postSolution
		{52C52949-9E9D-4724-AA26-9167FB8BD21F}.Debug|Any CPU.ActiveCfg = Debug|Any CPU
		{52C52949-9E9D-4724-AA26-9167FB8BD21F}.Debug|Any CPU.Build.0 = Debug|Any CPU
		{52C52949-9E9D-4724-AA26-9167FB8BD21F}.Release|Any CPU.ActiveCfg = Release|Any CPU
		{52C52949-9E9D-4724-AA26-9167FB8BD21F}.Release|Any CPU.Build.0 = Release|Any CPU
	EndGlobalSection
	GlobalSection(SolutionProperties) = preSolution
		HideSolutionNode = FALSE
	EndGlobalSection
	GlobalSection(ExtensibilityGlobals) = postSolution
		SolutionGuid = {657E7AA2-AB85-407B-BAD4-3E7ECC2FFC1E}
	EndGlobalSection
EndGlobal
